
Microsoft Visual Studio Solution File, Format Version 12.00
# Visual Studio Version 17
VisualStudioVersion = 17.2.32630.192
MinimumVisualStudioVersion = 10.0.40219.1
Project("{FAE04EC0-301F-11D3-BF4B-00C04F79EFBC}") = "BootstrapHtmlHelpersPackage", "BootstrapHtmlHelpersPackage\BootstrapHtmlHelpersPackage.csproj", "{4AC81CAE-0A8E-4C2A-9493-D30A30536644}"
EndProject
Global
	GlobalSection(SolutionConfigurationPlatforms) = preSolution
		Debug|Any CPU = Debug|Any CPU
		Release|Any CPU = Release|Any CPU
	EndGlobalSection
	GlobalSection(ProjectConfigurationPlatforms) = postSolution
		{4AC81CAE-0A8E-4C2A-9493-D30A30536644}.Debug|Any CPU.ActiveCfg = Debug|Any CPU
		{4AC81CAE-0A8E-4C2A-9493-D30A30536644}.Debug|Any CPU.Build.0 = Debug|Any CPU
		{4AC81CAE-0A8E-4C2A-9493-D30A30536644}.Release|Any CPU.ActiveCfg = Release|Any CPU
		{4AC81CAE-0A8E-4C2A-9493-D30A30536644}.Release|Any CPU.Build.0 = Release|Any CPU
	EndGlobalSection
	GlobalSection(SolutionProperties) = preSolution
		HideSolutionNode = FALSE
	EndGlobalSection
	GlobalSection(ExtensibilityGlobals) = postSolution
		SolutionGuid = {F1071A43-59BC-4515-9685-7254E1A27E12}
	EndGlobalSection
EndGlobal
